
Microsoft Visual Studio Solution File, Format Version 12.00
# Visual Studio Version 16
VisualStudioVersion = 16.0.31729.503
MinimumVisualStudioVersion = 10.0.40219.1
Project("{FAE04EC0-301F-11D3-BF4B-00C04F79EFBC}") = "GoToPara", "GoToPara\GoToPara.csproj", "{BC48FA48-10BD-401B-A3EF-3284C6E869CB}"
EndProject
Global
	GlobalSection(SolutionConfigurationPlatforms) = preSolution
		Debug|Any CPU = Debug|Any CPU
		Release|Any CPU = Release|Any CPU
	EndGlobalSection
	GlobalSection(ProjectConfigurationPlatforms) = postSolution
		{BC48FA48-10BD-401B-A3EF-3284C6E869CB}.Debug|Any CPU.ActiveCfg = Debug|Any CPU
		{BC48FA48-10BD-401B-A3EF-3284C6E869CB}.Debug|Any CPU.Build.0 = Debug|Any CPU
		{BC48FA48-10BD-401B-A3EF-3284C6E869CB}.Release|Any CPU.ActiveCfg = Release|Any CPU
		{BC48FA48-10BD-401B-A3EF-3284C6E869CB}.Release|Any CPU.Build.0 = Release|Any CPU
	EndGlobalSection
	GlobalSection(SolutionProperties) = preSolution
		HideSolutionNode = FALSE
	EndGlobalSection
	GlobalSection(ExtensibilityGlobals) = postSolution
		SolutionGuid = {622D2F6E-C0BB-4598-B4CE-B61627856A91}
	EndGlobalSection
EndGlobal
